
Microsoft Visual Studio Solution File, Format Version 12.00
# Visual Studio Version 17
VisualStudioVersion = 17.9.34607.119
MinimumVisualStudioVersion = 10.0.40219.1
Project("{FAE04EC0-301F-11D3-BF4B-00C04F79EFBC}") = "EmployeeAdditionForm.Web", "EmployeeAdditionForm.Web\EmployeeAdditionForm.Web.csproj", "{4B241D8F-E0D1-48FE-8CFB-BD4B215AE15E}"
EndProject
Project("{FAE04EC0-301F-11D3-BF4B-00C04F79EFBC}") = "EmployeeAdditionForm.API", "EmployeeAdditionForm.API\EmployeeAdditionForm.API.csproj", "{34419313-16C4-4009-A490-2FB64AA09EDB}"
EndProject
Project("{FAE04EC0-301F-11D3-BF4B-00C04F79EFBC}") = "EmployeeAdditionForm.Domain", "EmployeeAdditionForm.Domain\EmployeeAdditionForm.Domain.csproj", "{59CD21D9-F0EA-42B4-A61E-B77455742FC8}"
EndProject
Project("{FAE04EC0-301F-11D3-BF4B-00C04F79EFBC}") = "EmployeeAdditionForm.Application", "EmployeeAdditionForm.Application\EmployeeAdditionForm.Application.csproj", "{76DB169F-0F7C-4783-BB27-7A6D34C575C5}"
EndProject
Project("{FAE04EC0-301F-11D3-BF4B-00C04F79EFBC}") = "EmployeeAdditionForm.Infrastructure", "EmployeeAdditionForm.Infrastructure\EmployeeAdditionForm.Infrastructure.csproj", "{EF0D2E24-3A37-453A-AC72-88EBC4A5367E}"
EndProject
Global
	GlobalSection(SolutionConfigurationPlatforms) = preSolution
		Debug|Any CPU = Debug|Any CPU
		Release|Any CPU = Release|Any CPU
	EndGlobalSection
	GlobalSection(ProjectConfigurationPlatforms) = postSolution
		{4B241D8F-E0D1-48FE-8CFB-BD4B215AE15E}.Debug|Any CPU.ActiveCfg = Debug|Any CPU
		{4B241D8F-E0D1-48FE-8CFB-BD4B215AE15E}.Debug|Any CPU.Build.0 = Debug|Any CPU
		{4B241D8F-E0D1-48FE-8CFB-BD4B215AE15E}.Release|Any CPU.ActiveCfg = Release|Any CPU
		{4B241D8F-E0D1-48FE-8CFB-BD4B215AE15E}.Release|Any CPU.Build.0 = Release|Any CPU
		{34419313-16C4-4009-A490-2FB64AA09EDB}.Debug|Any CPU.ActiveCfg = Debug|Any CPU
		{34419313-16C4-4009-A490-2FB64AA09EDB}.Debug|Any CPU.Build.0 = Debug|Any CPU
		{34419313-16C4-4009-A490-2FB64AA09EDB}.Release|Any CPU.ActiveCfg = Release|Any CPU
		{34419313-16C4-4009-A490-2FB64AA09EDB}.Release|Any CPU.Build.0 = Release|Any CPU
		{59CD21D9-F0EA-42B4-A61E-B77455742FC8}.Debug|Any CPU.ActiveCfg = Debug|Any CPU
		{59CD21D9-F0EA-42B4-A61E-B77455742FC8}.Debug|Any CPU.Build.0 = Debug|Any CPU
		{59CD21D9-F0EA-42B4-A61E-B77455742FC8}.Release|Any CPU.ActiveCfg = Release|Any CPU
		{59CD21D9-F0EA-42B4-A61E-B77455742FC8}.Release|Any CPU.Build.0 = Release|Any CPU
		{76DB169F-0F7C-4783-BB27-7A6D34C575C5}.Debug|Any CPU.ActiveCfg = Debug|Any CPU
		{76DB169F-0F7C-4783-BB27-7A6D34C575C5}.Debug|Any CPU.Build.0 = Debug|Any CPU
		{76DB169F-0F7C-4783-BB27-7A6D34C575C5}.Release|Any CPU.ActiveCfg = Release|Any CPU
		{76DB169F-0F7C-4783-BB27-7A6D34C575C5}.Release|Any CPU.Build.0 = Release|Any CPU
		{EF0D2E24-3A37-453A-AC72-88EBC4A5367E}.Debug|Any CPU.ActiveCfg = Debug|Any CPU
		{EF0D2E24-3A37-453A-AC72-88EBC4A5367E}.Debug|Any CPU.Build.0 = Debug|Any CPU
		{EF0D2E24-3A37-453A-AC72-88EBC4A5367E}.Release|Any CPU.ActiveCfg = Release|Any CPU
		{EF0D2E24-3A37-453A-AC72-88EBC4A5367E}.Release|Any CPU.Build.0 = Release|Any CPU
	EndGlobalSection
	GlobalSection(SolutionProperties) = preSolution
		HideSolutionNode = FALSE
	EndGlobalSection
	GlobalSection(ExtensibilityGlobals) = postSolution
		SolutionGuid = {F3F297DE-5D67-4318-BACF-E2F2A16ACC46}
	EndGlobalSection
EndGlobal
